
Microsoft Visual Studio Solution File, Format Version 12.00
# Visual Studio Version 17
VisualStudioVersion = 17.2.32616.157
MinimumVisualStudioVersion = 10.0.40219.1
Project("{9A19103F-16F7-4668-BE54-9A1E7A4F7556}") = "WebApp", "WebApp\WebApp.csproj", "{6F0BADA0-1E15-42B0-A497-CA9C1AC75B51}"
EndProject
Project("{FAE04EC0-301F-11D3-BF4B-00C04F79EFBC}") = "AnimalSanctuaryAPI", "AnimalSanctuaryAPI\AnimalSanctuaryAPI.csproj", "{28701E2E-550D-496B-8EE3-F387EF0E3AA5}"
EndProject
Global
	GlobalSection(SolutionConfigurationPlatforms) = preSolution
		Debug|Any CPU = Debug|Any CPU
		Release|Any CPU = Release|Any CPU
	EndGlobalSection
	GlobalSection(ProjectConfigurationPlatforms) = postSolution
		{6F0BADA0-1E15-42B0-A497-CA9C1AC75B51}.Debug|Any CPU.ActiveCfg = Debug|Any CPU
		{6F0BADA0-1E15-42B0-A497-CA9C1AC75B51}.Debug|Any CPU.Build.0 = Debug|Any CPU
		{6F0BADA0-1E15-42B0-A497-CA9C1AC75B51}.Release|Any CPU.ActiveCfg = Release|Any CPU
		{6F0BADA0-1E15-42B0-A497-CA9C1AC75B51}.Release|Any CPU.Build.0 = Release|Any CPU
		{28701E2E-550D-496B-8EE3-F387EF0E3AA5}.Debug|Any CPU.ActiveCfg = Debug|Any CPU
		{28701E2E-550D-496B-8EE3-F387EF0E3AA5}.Debug|Any CPU.Build.0 = Debug|Any CPU
		{28701E2E-550D-496B-8EE3-F387EF0E3AA5}.Release|Any CPU.ActiveCfg = Release|Any CPU
		{28701E2E-550D-496B-8EE3-F387EF0E3AA5}.Release|Any CPU.Build.0 = Release|Any CPU
	EndGlobalSection
	GlobalSection(SolutionProperties) = preSolution
		HideSolutionNode = FALSE
	EndGlobalSection
	GlobalSection(ExtensibilityGlobals) = postSolution
		SolutionGuid = {2CD02D7F-0782-46E8-95A5-24DBF8BC5FC1}
	EndGlobalSection
EndGlobal
